{
  "name": "@omegabone/clip-review",
  "version": "0.1.0",
  "lockfileVersion": 3,
  "requires": true,
  "packages": {
    "": {
      "name": "@omegabone/clip-review",
      "version": "0.1.0",
      "bin": {
        "review-clips": "bin/review.mjs"
      },
      "engines": {
        "node": ">=20"
      }
    }
  }
}
